
Microsoft Visual Studio Solution File, Format Version 12.00
# Visual Studio Version 17
VisualStudioVersion = 17.4.33103.184
MinimumVisualStudioVersion = 10.0.40219.1
Project("{FAE04EC0-301F-11D3-BF4B-00C04F79EFBC}") = "CyberTechDM", "CyberTechDM\CyberTechDM.csproj", "{51B7888A-9F03-4DEF-8785-49C1FD078C8E}"
EndProject
Global
	GlobalSection(SolutionConfigurationPlatforms) = preSolution
		Debug|Any CPU = Debug|Any CPU
		Release|Any CPU = Release|Any CPU
	EndGlobalSection
	GlobalSection(ProjectConfigurationPlatforms) = postSolution
		{51B7888A-9F03-4DEF-8785-49C1FD078C8E}.Debug|Any CPU.ActiveCfg = Debug|Any CPU
		{51B7888A-9F03-4DEF-8785-49C1FD078C8E}.Debug|Any CPU.Build.0 = Debug|Any CPU
		{51B7888A-9F03-4DEF-8785-49C1FD078C8E}.Release|Any CPU.ActiveCfg = Release|Any CPU
		{51B7888A-9F03-4DEF-8785-49C1FD078C8E}.Release|Any CPU.Build.0 = Release|Any CPU
	EndGlobalSection
	GlobalSection(SolutionProperties) = preSolution
		HideSolutionNode = FALSE
	EndGlobalSection
	GlobalSection(ExtensibilityGlobals) = postSolution
		SolutionGuid = {89905321-0F0C-4520-885F-B9A4C2477D5B}
	EndGlobalSection
EndGlobal
